// !$*UTF8*$!
{
	archiveVersion = 1;
	classes = {
	};
	objectVersion = 50;
	objects = {

/* Begin PBXBuildFile section */
		C30DD07120CAAB6500313332 /* AppDelegate.swift in Sources */ = {isa = PBXBuildFile; fileRef = C30DD07020CAAB6500313332 /* AppDelegate.swift */; };
		C30DD07320CAAB6500313332 /* ViewController.swift in Sources */ = {isa = PBXBuildFile; fileRef = C30DD07220CAAB6500313332 /* ViewController.swift */; };
		C30DD07620CAAB6500313332 /* Main.storyboard in Resources */ = {isa = PBXBuildFile; fileRef = C30DD07420CAAB6500313332 /* Main.storyboard */; };
		C30DD07820CAAB7E00313332 /* Assets.xcassets in Resources */ = {isa = PBXBuildFile; fileRef = C30DD07720CAAB7E00313332 /* Assets.xcassets */; };
		C30DD07B20CAAB7E00313332 /* LaunchScreen.storyboard in Resources */ = {isa = PBXBuildFile; fileRef = C30DD07920CAAB7E00313332 /* LaunchScreen.storyboard */; };
		C30DD08620CAAB7F00313332 /* PokeFinderTests.swift in Sources */ = {isa = PBXBuildFile; fileRef = C30DD08520CAAB7F00313332 /* PokeFinderTests.swift */; };
		C30DD09120CAAB7F00313332 /* PokeFinderUITests.swift in Sources */ = {isa = PBXBuildFile; fileRef = C30DD09020CAAB7F00313332 /* PokeFinderUITests.swift */; };
/* End PBXBuildFile section */

/* Begin PBXContainerItemProxy section */
		C30DD08220CAAB7F00313332 /* PBXContainerItemProxy */ = {
			isa = PBXContainerItemProxy;
			containerPortal = C30DD06520CAAB6500313332 /* Project object */;
			proxyType = 1;
			remoteGlobalIDString = C30DD06C20CAAB6500313332;
			remoteInfo = PokeFinder;
		};
		C30DD08D20CAAB7F00313332 /* PBXContainerItemProxy */ = {
			isa = PBXContainerItemProxy;
			containerPortal = C30DD06520CAAB6500313332 /* Project object */;
			proxyType = 1;
			remoteGlobalIDString = C30DD06C20CAAB6500313332;
			remoteInfo = PokeFinder;
		};
/* End PBXContainerItemProxy section */

/* Begin PBXFileReference section */
		C30DD06D20CAAB6500313332 /* PokeFinder.app */ = {isa = PBXFileReference; explicitFileType = wrapper.application; includeInIndex = 0; path = PokeFinder.app; sourceTree = BUILT_PRODUCTS_DIR; };
		C30DD07020CAAB6500313332 /* AppDelegate.swift */ = {isa = PBXFileReference; lastKnownFileType = sourcecode.swift; path = AppDelegate.swift; sourceTree = "<group>"; };
		C30DD07220CAAB6500313332 /* ViewController.swift */ = {isa = PBXFileReference; lastKnownFileType = sourcecode.swift; path = ViewController.swift; sourceTree = "<group>"; };
		C30DD07520CAAB6500313332 /* Base */ = {isa = PBXFileReference; lastKnownFileType = file.storyboard; name = Base; path = Base.lproj/Main.storyboard; sourceTree = "<group>"; };
		C30DD07720CAAB7E00313332 /* Assets.xcassets */ = {isa = PBXFileReference; lastKnownFileType = folder.assetcatalog; path = Assets.xcassets; sourceTree = "<group>"; };
		C30DD07A20CAAB7E00313332 /* Base */ = {isa = PBXFileReference; lastKnownFileType = file.storyboard; name = Base; path = Base.lproj/LaunchScreen.storyboard; sourceTree = "<group>"; };
		C30DD07C20CAAB7E00313332 /* Info.plist */ = {isa = PBXFileReference; lastKnownFileType = text.plist.xml; path = Info.plist; sourceTree = "<group>"; };
		C30DD08120CAAB7F00313332 /* PokeFinderTests.xctest */ = {isa = PBXFileReference; explicitFileType = wrapper.cfbundle; includeInIndex = 0; path = PokeFinderTests.xctest; sourceTree = BUILT_PRODUCTS_DIR; };
		C30DD08520CAAB7F00313332 /* PokeFinderTests.swift */ = {isa = PBXFileReference; lastKnownFileType = sourcecode.swift; path = PokeFinderTests.swift; sourceTree = "<group>"; };
		C30DD08720CAAB7F00313332 /* Info.plist */ = {isa = PBXFileReference; lastKnownFileType = text.plist.xml; path = Info.plist; sourceTree = "<group>"; };
		C30DD08C20CAAB7F00313332 /* PokeFinderUITests.xctest */ = {isa = PBXFileReference; explicitFileType = wrapper.cfbundle; includeInIndex = 0; path = PokeFinderUITests.xctest; sourceTree = BUILT_PRODUCTS_DIR; };
		C30DD09020CAAB7F00313332 /* PokeFinderUITests.swift */ = {isa = PBXFileReference; lastKnownFileType = sourcecode.swift; path = PokeFinderUITests.swift; sourceTree = "<group>"; };
		C30DD09220CAAB7F00313332 /* Info.plist */ = {isa = PBXFileReference; lastKnownFileType = text.plist.xml; path = Info.plist; sourceTree = "<group>"; };
/* End PBXFileReference section */

/* Begin PBXFrameworksBuildPhase section */
		C30DD06A20CAAB6500313332 /* Frameworks */ = {
			isa = PBXFrameworksBuildPhase;
			buildActionMask = 2147483647;
			files = (
			);
			runOnlyForDeploymentPostprocessing = 0;
		};
		C30DD07E20CAAB7F00313332 /* Frameworks */ = {
			isa = PBXFrameworksBuildPhase;
			buildActionMask = 2147483647;
			files = (
			);
			runOnlyForDeploymentPostprocessing = 0;
		};
		C30DD08920CAAB7F00313332 /* Frameworks */ = {
			isa = PBXFrameworksBuildPhase;
			buildActionMask = 2147483647;
			files = (
			);
			runOnlyForDeploymentPostprocessing = 0;
		};
/* End PBXFrameworksBuildPhase section */

/* Begin PBXGroup section */
		C30DD06420CAAB6500313332 = {
			isa = PBXGroup;
			children = (
				C30DD06F20CAAB6500313332 /* PokeFinder */,
				C30DD08420CAAB7F00313332 /* PokeFinderTests */,
				C30DD08F20CAAB7F00313332 /* PokeFinderUITests */,
				C30DD06E20CAAB6500313332 /* Products */,
			);
			sourceTree = "<group>";
		};
		C30DD06E20CAAB6500313332 /* Products */ = {
			isa = PBXGroup;
			children = (
				C30DD06D20CAAB6500313332 /* PokeFinder.app */,
				C30DD08120CAAB7F00313332 /* PokeFinderTests.xctest */,
				C30DD08C20CAAB7F00313332 /* PokeFinderUITests.xctest */,
			);
			name = Products;
			sourceTree = "<group>";
		};
		C30DD06F20CAAB6500313332 /* PokeFinder */ = {
			isa = PBXGroup;
			children = (
				C30DD07020CAAB6500313332 /* AppDelegate.swift */,
				C30DD07220CAAB6500313332 /* ViewController.swift */,
				C30DD07420CAAB6500313332 /* Main.storyboard */,
				C30DD07720CAAB7E00313332 /* Assets.xcassets */,
				C30DD07920CAAB7E00313332 /* LaunchScreen.storyboard */,
				C30DD07C20CAAB7E00313332 /* Info.plist */,
			);
			path = PokeFinder;
			sourceTree = "<group>";
		};
		C30DD08420CAAB7F00313332 /* PokeFinderTests */ = {
			isa = PBXGroup;
			children = (
				C30DD08520CAAB7F00313332 /* PokeFinderTests.swift */,
				C30DD08720CAAB7F00313332 /* Info.plist */,
			);
			path = PokeFinderTests;
			sourceTree = "<group>";
		};
		C30DD08F20CAAB7F00313332 /* PokeFinderUITests */ = {
			isa = PBXGroup;
			children = (
				C30DD09020CAAB7F00313332 /* PokeFinderUITests.swift */,
				C30DD09220CAAB7F00313332 /* Info.plist */,
			);
			path = PokeFinderUITests;
			sourceTree = "<group>";
		};
/* End PBXGroup section */

/* Begin PBXNativeTarget section */
		C30DD06C20CAAB6500313332 /* PokeFinder */ = {
			isa = PBXNativeTarget;
			buildConfigurationList = C30DD09520CAAB7F00313332 /* Build configuration list for PBXNativeTarget "PokeFinder" */;
			buildPhases = (
				C30DD06920CAAB6500313332 /* Sources */,
				C30DD06A20CAAB6500313332 /* Frameworks */,
				C30DD06B20CAAB6500313332 /* Resources */,
			);
			buildRules = (
			);
			dependencies = (
			);
			name = PokeFinder;
			productName = PokeFinder;
			productReference = C30DD06D20CAAB6500313332 /* PokeFinder.app */;
			productType = "com.apple.product-type.application";
		};
		C30DD08020CAAB7F00313332 /* PokeFinderTests */ = {
			isa = PBXNativeTarget;
			buildConfigurationList = C30DD09820CAAB7F00313332 /* Build configuration list for PBXNativeTarget "PokeFinderTests" */;
			buildPhases = (
				C30DD07D20CAAB7F00313332 /* Sources */,
				C30DD07E20CAAB7F00313332 /* Frameworks */,
				C30DD07F20CAAB7F00313332 /* Resources */,
			);
			buildRules = (
			);
			dependencies = (
				C30DD08320CAAB7F00313332 /* PBXTargetDependency */,
			);
			name = PokeFinderTests;
			productName = PokeFinderTests;
			productReference = C30DD08120CAAB7F00313332 /* PokeFinderTests.xctest */;
			productType = "com.apple.product-type.bundle.unit-test";
		};
		C30DD08B20CAAB7F00313332 /* PokeFinderUITests */ = {
			isa = PBXNativeTarget;
			buildConfigurationList = C30DD09B20CAAB7F00313332 /* Build configuration list for PBXNativeTarget "PokeFinderUITests" */;
			buildPhases = (
				C30DD08820CAAB7F00313332 /* Sources */,
				C30DD08920CAAB7F00313332 /* Frameworks */,
				C30DD08A20CAAB7F00313332 /* Resources */,
			);
			buildRules = (
			);
			dependencies = (
				C30DD08E20CAAB7F00313332 /* PBXTargetDependency */,
			);
			name = PokeFinderUITests;
			productName = PokeFinderUITests;
			productReference = C30DD08C20CAAB7F00313332 /* PokeFinderUITests.xctest */;
			productType = "com.apple.product-type.bundle.ui-testing";
		};
/* End PBXNativeTarget section */

/* Begin PBXProject section */
		C30DD06520CAAB6500313332 /* Project object */ = {
			isa = PBXProject;
			attributes = {
				LastSwiftUpdateCheck = 0940;
				LastUpgradeCheck = 0940;
				ORGANIZATIONNAME = AnshuVij;
				TargetAttributes = {
					C30DD06C20CAAB6500313332 = {
						CreatedOnToolsVersion = 9.4;
					};
					C30DD08020CAAB7F00313332 = {
						CreatedOnToolsVersion = 9.4;
						TestTargetID = C30DD06C20CAAB6500313332;
					};
					C30DD08B20CAAB7F00313332 = {
						CreatedOnToolsVersion = 9.4;
						TestTargetID = C30DD06C20CAAB6500313332;
					};
				};
			};
			buildConfigurationList = C30DD06820CAAB6500313332 /* Build configuration list for PBXProject "PokeFinder" */;
			compatibilityVersion = "Xcode 9.3";
			developmentRegion = en;
			hasScannedForEncodings = 0;
			knownRegions = (
				en,
				Base,
			);
			mainGroup = C30DD06420CAAB6500313332;
			productRefGroup = C30DD06E20CAAB6500313332 /* Products */;
			projectDirPath = "";
			projectRoot = "";
			targets = (
				C30DD06C20CAAB6500313332 /* PokeFinder */,
				C30DD08020CAAB7F00313332 /* PokeFinderTests */,
				C30DD08B20CAAB7F00313332 /* PokeFinderUITests */,
			);
		};
/* End PBXProject section */

/* Begin PBXResourcesBuildPhase section */
		C30DD06B20CAAB6500313332 /* Resources */ = {
			isa = PBXResourcesBuildPhase;
			buildActionMask = 2147483647;
			files = (
				C30DD07B20CAAB7E00313332 /* LaunchScreen.storyboard in Resources */,
				C30DD07820CAAB7E00313332 /* Assets.xcassets in Resources */,
				C30DD07620CAAB6500313332 /* Main.storyboard in Resources */,
			);
			runOnlyForDeploymentPostprocessing = 0;
		};
		C30DD07F20CAAB7F00313332 /* Resources */ = {
			isa = PBXResourcesBuildPhase;
			buildActionMask = 2147483647;
			files = (
			);
			runOnlyForDeploymentPostprocessing = 0;
		};
		C30DD08A20CAAB7F00313332 /* Resources */ = {
			isa = PBXResourcesBuildPhase;
			buildActionMask = 2147483647;
			files = (
			);
			runOnlyForDeploymentPostprocessing = 0;
		};
/* End PBXResourcesBuildPhase section */

/* Begin PBXSourcesBuildPhase section */
		C30DD06920CAAB6500313332 /* Sources */ = {
			isa = PBXSourcesBuildPhase;
			buildActionMask = 2147483647;
			files = (
				C30DD07320CAAB6500313332 /* ViewController.swift in Sources */,
				C30DD07120CAAB6500313332 /* AppDelegate.swift in Sources */,
			);
			runOnlyForDeploymentPostprocessing = 0;
		};
		C30DD07D20CAAB7F00313332 /* Sources */ = {
			isa = PBXSourcesBuildPhase;
			buildActionMask = 2147483647;
			files = (
				C30DD08620CAAB7F00313332 /* PokeFinderTests.swift in Sources */,
			);
			runOnlyForDeploymentPostprocessing = 0;
		};
		C30DD08820CAAB7F00313332 /* Sources */ = {
			isa = PBXSourcesBuildPhase;
			buildActionMask = 2147483647;
			files = (
				C30DD09120CAAB7F00313332 /* PokeFinderUITests.swift in Sources */,
			);
			runOnlyForDeploymentPostprocessing = 0;
		};
/* End PBXSourcesBuildPhase section */

/* Begin PBXTargetDependency section */
		C30DD08320CAAB7F00313332 /* PBXTargetDependency */ = {
			isa = PBXTargetDependency;
			target = C30DD06C20CAAB6500313332 /* PokeFinder */;
			targetProxy = C30DD08220CAAB7F00313332 /* PBXContainerItemProxy */;
		};
		C30DD08E20CAAB7F00313332 /* PBXTargetDependency */ = {
			isa = PBXTargetDependency;
			target = C30DD06C20CAAB6500313332 /* PokeFinder */;
			targetProxy = C30DD08D20CAAB7F00313332 /* PBXContainerItemProxy */;
		};
/* End PBXTargetDependency section */

/* Begin PBXVariantGroup section */
		C30DD07420CAAB6500313332 /* Main.storyboard */ = {
			isa = PBXVariantGroup;
			children = (
				C30DD07520CAAB6500313332 /* Base */,
			);
			name = Main.storyboard;
			sourceTree = "<group>";
		};
		C30DD07920CAAB7E00313332 /* LaunchScreen.storyboard */ = {
			isa = PBXVariantGroup;
			children = (
				C30DD07A20CAAB7E00313332 /* Base */,
			);
			name = LaunchScreen.storyboard;
			sourceTree = "<group>";
		};
/* End PBXVariantGroup section */

/* Begin XCBuildConfiguration section */
		C30DD09320CAAB7F00313332 /* Debug */ = {
			isa = XCBuildConfiguration;
			buildSettings = {
				ALWAYS_SEARCH_USER_PATHS = NO;
				CLANG_ANALYZER_NONNULL = YES;
				CLANG_ANALYZER_NUMBER_OBJECT_CONVERSION = YES_AGGRESSIVE;
				CLANG_CXX_LANGUAGE_STANDARD = "gnu++14";
				CLANG_CXX_LIBRARY = "libc++";
				CLANG_ENABLE_MODULES = YES;
				CLANG_ENABLE_OBJC_ARC = YES;
				CLANG_ENABLE_OBJC_WEAK = YES;
				CLANG_WARN_BLOCK_CAPTURE_AUTORELEASING = YES;
				CLANG_WARN_BOOL_CONVERSION = YES;
				CLANG_WARN_COMMA = YES;
				CLANG_WARN_CONSTANT_CONVERSION = YES;
				CLANG_WARN_DEPRECATED_OBJC_IMPLEMENTATIONS = YES;
				CLANG_WARN_DIRECT_OBJC_ISA_USAGE = YES_ERROR;
				CLANG_WARN_DOCUMENTATION_COMMENTS = YES;
				CLANG_WARN_EMPTY_BODY = YES;
				CLANG_WARN_ENUM_CONVERSION = YES;
				CLANG_WARN_INFINITE_RECURSION = YES;
				CLANG_WARN_INT_CONVERSION = YES;
				CLANG_WARN_NON_LITERAL_NULL_CONVERSION = YES;
				CLANG_WARN_OBJC_IMPLICIT_RETAIN_SELF = YES;
				CLANG_WARN_OBJC_LITERAL_CONVERSION = YES;
				CLANG_WARN_OBJC_ROOT_CLASS = YES_ERROR;
				CLANG_WARN_RANGE_LOOP_ANALYSIS = YES;
				CLANG_WARN_STRICT_PROTOTYPES = YES;
				CLANG_WARN_SUSPICIOUS_MOVE = YES;
				CLANG_WARN_UNGUARDED_AVAILABILITY = YES_AGGRESSIVE;
				CLANG_WARN_UNREACHABLE_CODE = YES;
				CLANG_WARN__DUPLICATE_METHOD_MATCH = YES;
				CODE_SIGN_IDENTITY = "iPhone Developer";
				COPY_PHASE_STRIP = NO;
				DEBUG_INFORMATION_FORMAT = dwarf;
				ENABLE_STRICT_OBJC_MSGSEND = YES;
				ENABLE_TESTABILITY = YES;
				GCC_C_LANGUAGE_STANDARD = gnu11;
				GCC_DYNAMIC_NO_PIC = NO;
				GCC_NO_COMMON_BLOCKS = YES;
				GCC_OPTIMIZATION_LEVEL = 0;
				GCC_PREPROCESSOR_DEFINITIONS = (
					"DEBUG=1",
					"$(inherited)",
				);
				GCC_WARN_64_TO_32_BIT_CONVERSION = YES;
				GCC_WARN_ABOUT_RETURN_TYPE = YES_ERROR;
				GCC_WARN_UNDECLARED_SELECTOR = YES;
				GCC_WARN_UNINITIALIZED_AUTOS = YES_AGGRESSIVE;
				GCC_WARN_UNUSED_FUNCTION = YES;
				GCC_WARN_UNUSED_VARIABLE = YES;
				IPHONEOS_DEPLOYMENT_TARGET = 11.4;
				MTL_ENABLE_DEBUG_INFO = YES;
				ONLY_ACTIVE_ARCH = YES;
				SDKROOT = iphoneos;
				SWIFT_ACTIVE_COMPILATION_CONDITIONS = DEBUG;
				SWIFT_OPTIMIZATION_LEVEL = "-Onone";
			};
			name = Debug;
		};
		C30DD09420CAAB7F00313332 /* Release */ = {
			isa = XCBuildConfiguration;
			buildSettings = {
				ALWAYS_SEARCH_USER_PATHS = NO;
				CLANG_ANALYZER_NONNULL = YES;
				CLANG_ANALYZER_NUMBER_OBJECT_CONVERSION = YES_AGGRESSIVE;
				CLANG_CXX_LANGUAGE_STANDARD = "gnu++14";
				CLANG_CXX_LIBRARY = "libc++";
				CLANG_ENABLE_MODULES = YES;
				CLANG_ENABLE_OBJC_ARC = YES;
				CLANG_ENABLE_OBJC_WEAK = YES;
				CLANG_WARN_BLOCK_CAPTURE_AUTORELEASING = YES;
				CLANG_WARN_BOOL_CONVERSION = YES;
				CLANG_WARN_COMMA = YES;
				CLANG_WARN_CONSTANT_CONVERSION = YES;
				CLANG_WARN_DEPRECATED_OBJC_IMPLEMENTATIONS = YES;
				CLANG_WARN_DIRECT_OBJC_ISA_USAGE = YES_ERROR;
				CLANG_WARN_DOCUMENTATION_COMMENTS = YES;
				CLANG_WARN_EMPTY_BODY = YES;
				CLANG_WARN_ENUM_CONVERSION = YES;
				CLANG_WARN_INFINITE_RECURSION = YES;
				CLANG_WARN_INT_CONVERSION = YES;
				CLANG_WARN_NON_LITERAL_NULL_CONVERSION = YES;
				CLANG_WARN_OBJC_IMPLICIT_RETAIN_SELF = YES;
				CLANG_WARN_OBJC_LITERAL_CONVERSION = YES;
				CLANG_WARN_OBJC_ROOT_CLASS = YES_ERROR;
				CLANG_WARN_RANGE_LOOP_ANALYSIS = YES;
				CLANG_WARN_STRICT_PROTOTYPES = YES;
				CLANG_WARN_SUSPICIOUS_MOVE = YES;
				CLANG_WARN_UNGUARDED_AVAILABILITY = YES_AGGRESSIVE;
				CLANG_WARN_UNREACHABLE_CODE = YES;
				CLANG_WARN__DUPLICATE_METHOD_MATCH = YES;
				CODE_SIGN_IDENTITY = "iPhone Developer";
				COPY_PHASE_STRIP = NO;
				DEBUG_INFORMATION_FORMAT = "dwarf-with-dsym";
				ENABLE_NS_ASSERTIONS = NO;
				ENABLE_STRICT_OBJC_MSGSEND = YES;
				GCC_C_LANGUAGE_STANDARD = gnu11;
				GCC_NO_COMMON_BLOCKS = YES;
				GCC_WARN_64_TO_32_BIT_CONVERSION = YES;
				GCC_WARN_ABOUT_RETURN_TYPE = YES_ERROR;
				GCC_WARN_UNDECLARED_SELECTOR = YES;
				GCC_WARN_UNINITIALIZED_AUTOS = YES_AGGRESSIVE;
				GCC_WARN_UNUSED_FUNCTION = YES;
				GCC_WARN_UNUSED_VARIABLE = YES;
				IPHONEOS_DEPLOYMENT_TARGET = 11.4;
				MTL_ENABLE_DEBUG_INFO = NO;
				SDKROOT = iphoneos;
				SWIFT_COMPILATION_MODE = wholemodule;
				SWIFT_OPTIMIZATION_LEVEL = "-O";
				VALIDATE_PRODUCT = YES;
			};
			name = Release;
		};
		C30DD09620CAAB7F00313332 /* Debug */ = {
			isa = XCBuildConfiguration;
			buildSettings = {
				ASSETCATALOG_COMPILER_APPICON_NAME = AppIcon;
				CODE_SIGN_STYLE = Automatic;
				DEVELOPMENT_TEAM = E4E4G3PYUF;
				INFOPLIST_FILE = PokeFinder/Info.plist;
				LD_RUNPATH_SEARCH_PATHS = (
					"$(inherited)",
					"@executable_path/Frameworks",
				);
				PRODUCT_BUNDLE_IDENTIFIER = com.avcode.PokeFinder;
				PRODUCT_NAME = "$(TARGET_NAME)";
				SWIFT_VERSION = 4.0;
				TARGETED_DEVICE_FAMILY = "1,2";
			};
			name = Debug;
		};
		C30DD09720CAAB7F00313332 /* Release */ = {
			isa = XCBuildConfiguration;
			buildSettings = {
				ASSETCATALOG_COMPILER_APPICON_NAME = AppIcon;
				CODE_SIGN_STYLE = Automatic;
				DEVELOPMENT_TEAM = E4E4G3PYUF;
				INFOPLIST_FILE = PokeFinder/Info.plist;
				LD_RUNPATH_SEARCH_PATHS = (
					"$(inherited)",
					"@executable_path/Frameworks",
				);
				PRODUCT_BUNDLE_IDENTIFIER = com.avcode.PokeFinder;
				PRODUCT_NAME = "$(TARGET_NAME)";
				SWIFT_VERSION = 4.0;
				TARGETED_DEVICE_FAMILY = "1,2";
			};
			name = Release;
		};
		C30DD09920CAAB7F00313332 /* Debug */ = {
			isa = XCBuildConfiguration;
			buildSettings = {
				ALWAYS_EMBED_SWIFT_STANDARD_LIBRARIES = YES;
				BUNDLE_LOADER = "$(TEST_HOST)";
				CODE_SIGN_STYLE = Automatic;
				INFOPLIST_FILE = PokeFinderTests/Info.plist;
				LD_RUNPATH_SEARCH_PATHS = (
					"$(inherited)",
					"@executable_path/Frameworks",
					"@loader_path/Frameworks",
				);
				PRODUCT_BUNDLE_IDENTIFIER = com.avcode.PokeFinderTests;
				PRODUCT_NAME = "$(TARGET_NAME)";
				SWIFT_VERSION = 4.0;
				TARGETED_DEVICE_FAMILY = "1,2";
				TEST_HOST = "$(BUILT_PRODUCTS_DIR)/PokeFinder.app/PokeFinder";
			};
			name = Debug;
		};
		C30DD09A20CAAB7F00313332 /* Release */ = {
			isa = XCBuildConfiguration;
			buildSettings = {
				ALWAYS_EMBED_SWIFT_STANDARD_LIBRARIES = YES;
				BUNDLE_LOADER = "$(TEST_HOST)";
				CODE_SIGN_STYLE = Automatic;
				INFOPLIST_FILE = PokeFinderTests/Info.plist;
				LD_RUNPATH_SEARCH_PATHS = (
					"$(inherited)",
					"@executable_path/Frameworks",
					"@loader_path/Frameworks",
				);
				PRODUCT_BUNDLE_IDENTIFIER = com.avcode.PokeFinderTests;
				PRODUCT_NAME = "$(TARGET_NAME)";
				SWIFT_VERSION = 4.0;
				TARGETED_DEVICE_FAMILY = "1,2";
				TEST_HOST = "$(BUILT_PRODUCTS_DIR)/PokeFinder.app/PokeFinder";
			};
			name = Release;
		};
		C30DD09C20CAAB7F00313332 /* Debug */ = {
			isa = XCBuildConfiguration;
			buildSettings = {
				ALWAYS_EMBED_SWIFT_STANDARD_LIBRARIES = YES;
				CODE_SIGN_STYLE = Automatic;
				INFOPLIST_FILE = PokeFinderUITests/Info.plist;
				LD_RUNPATH_SEARCH_PATHS = (
					"$(inherited)",
					"@executable_path/Frameworks",
					"@loader_path/Frameworks",
				);
				PRODUCT_BUNDLE_IDENTIFIER = com.avcode.PokeFinderUITests;
				PRODUCT_NAME = "$(TARGET_NAME)";
				SWIFT_VERSION = 4.0;
				TARGETED_DEVICE_FAMILY = "1,2";
				TEST_TARGET_NAME = PokeFinder;
			};
			name = Debug;
		};
		C30DD09D20CAAB7F00313332 /* Release */ = {
			isa = XCBuildConfiguration;
			buildSettings = {
				ALWAYS_EMBED_SWIFT_STANDARD_LIBRARIES = YES;
				CODE_SIGN_STYLE = Automatic;
				INFOPLIST_FILE = PokeFinderUITests/Info.plist;
				LD_RUNPATH_SEARCH_PATHS = (
					"$(inherited)",
					"@executable_path/Frameworks",
					"@loader_path/Frameworks",
				);
				PRODUCT_BUNDLE_IDENTIFIER = com.avcode.PokeFinderUITests;
				PRODUCT_NAME = "$(TARGET_NAME)";
				SWIFT_VERSION = 4.0;
				TARGETED_DEVICE_FAMILY = "1,2";
				TEST_TARGET_NAME = PokeFinder;
			};
			name = Release;
		};
/* End XCBuildConfiguration section */

/* Begin XCConfigurationList section */
		C30DD06820CAAB6500313332 /* Build configuration list for PBXProject "PokeFinder" */ = {
			isa = XCConfigurationList;
			buildConfigurations = (
				C30DD09320CAAB7F00313332 /* Debug */,
				C30DD09420CAAB7F00313332 /* Release */,
			);
			defaultConfigurationIsVisible = 0;
			defaultConfigurationName = Release;
		};
		C30DD09520CAAB7F00313332 /* Build configuration list for PBXNativeTarget "PokeFinder" */ = {
			isa = XCConfigurationList;
			buildConfigurations = (
				C30DD09620CAAB7F00313332 /* Debug */,
				C30DD09720CAAB7F00313332 /* Release */,
			);
			defaultConfigurationIsVisible = 0;
			defaultConfigurationName = Release;
		};
		C30DD09820CAAB7F00313332 /* Build configuration list for PBXNativeTarget "PokeFinderTests" */ = {
			isa = XCConfigurationList;
			buildConfigurations = (
				C30DD09920CAAB7F00313332 /* Debug */,
				C30DD09A20CAAB7F00313332 /* Release */,
			);
			defaultConfigurationIsVisible = 0;
			defaultConfigurationName = Release;
		};
		C30DD09B20CAAB7F00313332 /* Build configuration list for PBXNativeTarget "PokeFinderUITests" */ = {
			isa = XCConfigurationList;
			buildConfigurations = (
				C30DD09C20CAAB7F00313332 /* Debug */,
				C30DD09D20CAAB7F00313332 /* Release */,
			);
			defaultConfigurationIsVisible = 0;
			defaultConfigurationName = Release;
		};
/* End XCConfigurationList section */
	};
	rootObject = C30DD06520CAAB6500313332 /* Project object */;
}
